// !$*UTF8*$!
{
	archiveVersion = 1;
	classes = {
	};
	objectVersion = 77;
	objects = {

/* Begin PBXBuildFile section */
		A31DD9A12E6C501600EEB11C /* ContentView.swift in Sources */ = {isa = PBXBuildFile; fileRef = A31DD99E2E6C501600EEB11C /* ContentView.swift */; };
		A31DD9A32E6C501600EEB11C /* PulseApp.swift in Sources */ = {isa = PBXBuildFile; fileRef = A31DD9A02E6C501600EEB11C /* PulseApp.swift */; };
		A31DD9A42E6C501600EEB11C /* Assets.xcassets in Resources */ = {isa = PBXBuildFile; fileRef = A31DD99D2E6C501600EEB11C /* Assets.xcassets */; };
		A31DD9AF2E6C531000EEB11C /* Localizable.xcstrings in Resources */ = {isa = PBXBuildFile; fileRef = A31DD9AE2E6C531000EEB11C /* Localizable.xcstrings */; };
		A33F281C2E6EF770007FB8D1 /* SettingsDetailRowView.swift in Sources */ = {isa = PBXBuildFile; fileRef = A33F281B2E6EF770007FB8D1 /* SettingsDetailRowView.swift */; };
		A33F28282E6EF877007FB8D1 /* SettingsActionRowView.swift in Sources */ = {isa = PBXBuildFile; fileRef = A33F28272E6EF877007FB8D1 /* SettingsActionRowView.swift */; };
		A33F282E2E6EF910007FB8D1 /* Bundle+Extension.swift in Sources */ = {isa = PBXBuildFile; fileRef = A33F282D2E6EF910007FB8D1 /* Bundle+Extension.swift */; };
		A33F28362E6EFB08007FB8D1 /* SettingsRowIconView.swift in Sources */ = {isa = PBXBuildFile; fileRef = A33F28352E6EFB08007FB8D1 /* SettingsRowIconView.swift */; };
		A33F28392E6EFB11007FB8D1 /* SettingsRowTitleView.swift in Sources */ = {isa = PBXBuildFile; fileRef = A33F28382E6EFB11007FB8D1 /* SettingsRowTitleView.swift */; };
		A33F283F2E6EFC19007FB8D1 /* ArrowIcon.swift in Sources */ = {isa = PBXBuildFile; fileRef = A33F283E2E6EFC19007FB8D1 /* ArrowIcon.swift */; };
		A33F285F2E6F052A007FB8D1 /* SettingsRateRowView.swift in Sources */ = {isa = PBXBuildFile; fileRef = A33F285E2E6F052A007FB8D1 /* SettingsRateRowView.swift */; };
		A33F28642E6F0532007FB8D1 /* SettingsShareRowView.swift in Sources */ = {isa = PBXBuildFile; fileRef = A33F28632E6F0532007FB8D1 /* SettingsShareRowView.swift */; };
		A33F28672E6F0538007FB8D1 /* SettingsContactRowView.swift in Sources */ = {isa = PBXBuildFile; fileRef = A33F28662E6F0538007FB8D1 /* SettingsContactRowView.swift */; };
		A3553BD92E6D7AF50064B757 /* Image+Extension.swift in Sources */ = {isa = PBXBuildFile; fileRef = A3553BD82E6D7AF50064B757 /* Image+Extension.swift */; };
		A3F81FA52E6C5893007F6816 /* RswiftLibrary in Frameworks */ = {isa = PBXBuildFile; productRef = A3F81FA42E6C5893007F6816 /* RswiftLibrary */; };
		A3F81FDB2E6C5FA3007F6816 /* UserDefaults+Extension.swift in Sources */ = {isa = PBXBuildFile; fileRef = A3F81FDA2E6C5FA3007F6816 /* UserDefaults+Extension.swift */; };
		A3F81FDE2E6C6067007F6816 /* View+Extension.swift in Sources */ = {isa = PBXBuildFile; fileRef = A3F81FDD2E6C6067007F6816 /* View+Extension.swift */; };
		A3F81FF62E6C6182007F6816 /* TabView.swift in Sources */ = {isa = PBXBuildFile; fileRef = A3F81FF52E6C6182007F6816 /* TabView.swift */; };
		A3F81FF92E6C6192007F6816 /* Tab.swift in Sources */ = {isa = PBXBuildFile; fileRef = A3F81FF82E6C6192007F6816 /* Tab.swift */; };
		A3F820012E6C6276007F6816 /* TimerView.swift in Sources */ = {isa = PBXBuildFile; fileRef = A3F820002E6C6276007F6816 /* TimerView.swift */; };
		A3F820042E6C628A007F6816 /* OnboardingView.swift in Sources */ = {isa = PBXBuildFile; fileRef = A3F820032E6C628A007F6816 /* OnboardingView.swift */; };
		A3F820072E6C629C007F6816 /* SettingsView.swift in Sources */ = {isa = PBXBuildFile; fileRef = A3F820062E6C629C007F6816 /* SettingsView.swift */; };
		A3F820112E6C65F0007F6816 /* ActionButton.swift in Sources */ = {isa = PBXBuildFile; fileRef = A3F820102E6C65F0007F6816 /* ActionButton.swift */; };
		A3F820192E6C6990007F6816 /* String+Extension.swift in Sources */ = {isa = PBXBuildFile; fileRef = A3F820182E6C6990007F6816 /* String+Extension.swift */; };
/* End PBXBuildFile section */

/* Begin PBXFileReference section */
		A31DD99D2E6C501600EEB11C /* Assets.xcassets */ = {isa = PBXFileReference; lastKnownFileType = folder.assetcatalog; path = Assets.xcassets; sourceTree = "<group>"; };
		A31DD99E2E6C501600EEB11C /* ContentView.swift */ = {isa = PBXFileReference; lastKnownFileType = sourcecode.swift; path = ContentView.swift; sourceTree = "<group>"; };
		A31DD9A02E6C501600EEB11C /* PulseApp.swift */ = {isa = PBXFileReference; lastKnownFileType = sourcecode.swift; path = PulseApp.swift; sourceTree = "<group>"; };
		A31DD9AB2E6C526300EEB11C /* Info.plist */ = {isa = PBXFileReference; lastKnownFileType = text.plist.xml; path = Info.plist; sourceTree = "<group>"; };
		A31DD9AE2E6C531000EEB11C /* Localizable.xcstrings */ = {isa = PBXFileReference; lastKnownFileType = text.json.xcstrings; path = Localizable.xcstrings; sourceTree = "<group>"; };
		A33F281B2E6EF770007FB8D1 /* SettingsDetailRowView.swift */ = {isa = PBXFileReference; lastKnownFileType = sourcecode.swift; path = SettingsDetailRowView.swift; sourceTree = "<group>"; };
		A33F28272E6EF877007FB8D1 /* SettingsActionRowView.swift */ = {isa = PBXFileReference; lastKnownFileType = sourcecode.swift; path = SettingsActionRowView.swift; sourceTree = "<group>"; };
		A33F282D2E6EF910007FB8D1 /* Bundle+Extension.swift */ = {isa = PBXFileReference; lastKnownFileType = sourcecode.swift; path = "Bundle+Extension.swift"; sourceTree = "<group>"; };
		A33F28352E6EFB08007FB8D1 /* SettingsRowIconView.swift */ = {isa = PBXFileReference; lastKnownFileType = sourcecode.swift; path = SettingsRowIconView.swift; sourceTree = "<group>"; };
		A33F28382E6EFB11007FB8D1 /* SettingsRowTitleView.swift */ = {isa = PBXFileReference; lastKnownFileType = sourcecode.swift; path = SettingsRowTitleView.swift; sourceTree = "<group>"; };
		A33F283E2E6EFC19007FB8D1 /* ArrowIcon.swift */ = {isa = PBXFileReference; lastKnownFileType = sourcecode.swift; path = ArrowIcon.swift; sourceTree = "<group>"; };
		A33F285E2E6F052A007FB8D1 /* SettingsRateRowView.swift */ = {isa = PBXFileReference; lastKnownFileType = sourcecode.swift; path = SettingsRateRowView.swift; sourceTree = "<group>"; };
		A33F28632E6F0532007FB8D1 /* SettingsShareRowView.swift */ = {isa = PBXFileReference; lastKnownFileType = sourcecode.swift; path = SettingsShareRowView.swift; sourceTree = "<group>"; };
		A33F28662E6F0538007FB8D1 /* SettingsContactRowView.swift */ = {isa = PBXFileReference; lastKnownFileType = sourcecode.swift; path = SettingsContactRowView.swift; sourceTree = "<group>"; };
		A342E4672E6C4E2F00195F47 /* Pulse.app */ = {isa = PBXFileReference; explicitFileType = wrapper.application; includeInIndex = 0; path = Pulse.app; sourceTree = BUILT_PRODUCTS_DIR; };
		A3553BD82E6D7AF50064B757 /* Image+Extension.swift */ = {isa = PBXFileReference; lastKnownFileType = sourcecode.swift; path = "Image+Extension.swift"; sourceTree = "<group>"; };
		A3F81FDA2E6C5FA3007F6816 /* UserDefaults+Extension.swift */ = {isa = PBXFileReference; lastKnownFileType = sourcecode.swift; path = "UserDefaults+Extension.swift"; sourceTree = "<group>"; };
		A3F81FDD2E6C6067007F6816 /* View+Extension.swift */ = {isa = PBXFileReference; lastKnownFileType = sourcecode.swift; path = "View+Extension.swift"; sourceTree = "<group>"; };
		A3F81FF52E6C6182007F6816 /* TabView.swift */ = {isa = PBXFileReference; lastKnownFileType = sourcecode.swift; path = TabView.swift; sourceTree = "<group>"; };
		A3F81FF82E6C6192007F6816 /* Tab.swift */ = {isa = PBXFileReference; lastKnownFileType = sourcecode.swift; path = Tab.swift; sourceTree = "<group>"; };
		A3F820002E6C6276007F6816 /* TimerView.swift */ = {isa = PBXFileReference; lastKnownFileType = sourcecode.swift; path = TimerView.swift; sourceTree = "<group>"; };
		A3F820032E6C628A007F6816 /* OnboardingView.swift */ = {isa = PBXFileReference; lastKnownFileType = sourcecode.swift; path = OnboardingView.swift; sourceTree = "<group>"; };
		A3F820062E6C629C007F6816 /* SettingsView.swift */ = {isa = PBXFileReference; lastKnownFileType = sourcecode.swift; path = SettingsView.swift; sourceTree = "<group>"; };
		A3F820102E6C65F0007F6816 /* ActionButton.swift */ = {isa = PBXFileReference; lastKnownFileType = sourcecode.swift; path = ActionButton.swift; sourceTree = "<group>"; };
		A3F820182E6C6990007F6816 /* String+Extension.swift */ = {isa = PBXFileReference; lastKnownFileType = sourcecode.swift; path = "String+Extension.swift"; sourceTree = "<group>"; };
/* End PBXFileReference section */

/* Begin PBXFrameworksBuildPhase section */
		A342E4642E6C4E2F00195F47 /* Frameworks */ = {
			isa = PBXFrameworksBuildPhase;
			buildActionMask = 2147483647;
			files = (
				A3F81FA52E6C5893007F6816 /* RswiftLibrary in Frameworks */,
			);
			runOnlyForDeploymentPostprocessing = 0;
		};
/* End PBXFrameworksBuildPhase section */

/* Begin PBXGroup section */
		A33F280B2E6EF39C007FB8D1 /* View */ = {
			isa = PBXGroup;
			children = (
				A33F28572E6F0379007FB8D1 /* Rows */,
				A3F820062E6C629C007F6816 /* SettingsView.swift */,
			);
			path = View;
			sourceTree = "<group>";
		};
		A33F28572E6F0379007FB8D1 /* Rows */ = {
			isa = PBXGroup;
			children = (
				A33F28722E6F0587007FB8D1 /* Components */,
				A33F28662E6F0538007FB8D1 /* SettingsContactRowView.swift */,
				A33F285E2E6F052A007FB8D1 /* SettingsRateRowView.swift */,
				A33F28632E6F0532007FB8D1 /* SettingsShareRowView.swift */,
			);
			path = Rows;
			sourceTree = "<group>";
		};
		A33F28722E6F0587007FB8D1 /* Components */ = {
			isa = PBXGroup;
			children = (
				A33F28272E6EF877007FB8D1 /* SettingsActionRowView.swift */,
				A33F281B2E6EF770007FB8D1 /* SettingsDetailRowView.swift */,
				A33F28352E6EFB08007FB8D1 /* SettingsRowIconView.swift */,
				A33F28382E6EFB11007FB8D1 /* SettingsRowTitleView.swift */,
			);
			path = Components;
			sourceTree = "<group>";
		};
		A342E45E2E6C4E2F00195F47 = {
			isa = PBXGroup;
			children = (
				A3F81F992E6C545B007F6816 /* Pulse */,
				A342E4682E6C4E2F00195F47 /* Products */,
			);
			sourceTree = "<group>";
		};
		A342E4682E6C4E2F00195F47 /* Products */ = {
			isa = PBXGroup;
			children = (
				A342E4672E6C4E2F00195F47 /* Pulse.app */,
			);
			name = Products;
			sourceTree = "<group>";
		};
		A3F81F992E6C545B007F6816 /* Pulse */ = {
			isa = PBXGroup;
			children = (
				A31DD99D2E6C501600EEB11C /* Assets.xcassets */,
				A31DD9A02E6C501600EEB11C /* PulseApp.swift */,
				A31DD99E2E6C501600EEB11C /* ContentView.swift */,
				A3F8200B2E6C65E2007F6816 /* Components */,
				A3F81F9B2E6C5471007F6816 /* InfoPlist */,
				A3F81FF12E6C60EA007F6816 /* Navigation */,
				A3F81FE12E6C60B4007F6816 /* Onboarding */,
				A3F81FE62E6C60BB007F6816 /* Settings */,
				A3F81FFC2E6C626E007F6816 /* Timer */,
				A3F81FEA2E6C60D5007F6816 /* Utils */,
			);
			path = Pulse;
			sourceTree = "<group>";
		};
		A3F81F9A2E6C5468007F6816 /* Strings */ = {
			isa = PBXGroup;
			children = (
				A31DD9AE2E6C531000EEB11C /* Localizable.xcstrings */,
			);
			path = Strings;
			sourceTree = "<group>";
		};
		A3F81F9B2E6C5471007F6816 /* InfoPlist */ = {
			isa = PBXGroup;
			children = (
				A31DD9AB2E6C526300EEB11C /* Info.plist */,
			);
			path = InfoPlist;
			sourceTree = "<group>";
		};
		A3F81F9C2E6C5593007F6816 /* Theming */ = {
			isa = PBXGroup;
			children = (
			);
			path = Theming;
			sourceTree = "<group>";
		};
		A3F81FD62E6C5F94007F6816 /* Extensions */ = {
			isa = PBXGroup;
			children = (
				A33F282D2E6EF910007FB8D1 /* Bundle+Extension.swift */,
				A3553BD82E6D7AF50064B757 /* Image+Extension.swift */,
				A3F820182E6C6990007F6816 /* String+Extension.swift */,
				A3F81FDA2E6C5FA3007F6816 /* UserDefaults+Extension.swift */,
				A3F81FDD2E6C6067007F6816 /* View+Extension.swift */,
			);
			path = Extensions;
			sourceTree = "<group>";
		};
		A3F81FE12E6C60B4007F6816 /* Onboarding */ = {
			isa = PBXGroup;
			children = (
				A3F820032E6C628A007F6816 /* OnboardingView.swift */,
			);
			path = Onboarding;
			sourceTree = "<group>";
		};
		A3F81FE62E6C60BB007F6816 /* Settings */ = {
			isa = PBXGroup;
			children = (
				A33F280B2E6EF39C007FB8D1 /* View */,
			);
			path = Settings;
			sourceTree = "<group>";
		};
		A3F81FEA2E6C60D5007F6816 /* Utils */ = {
			isa = PBXGroup;
			children = (
				A3F81FD62E6C5F94007F6816 /* Extensions */,
				A3F81F9A2E6C5468007F6816 /* Strings */,
				A3F81F9C2E6C5593007F6816 /* Theming */,
			);
			path = Utils;
			sourceTree = "<group>";
		};
		A3F81FF12E6C60EA007F6816 /* Navigation */ = {
			isa = PBXGroup;
			children = (
				A3F81FF82E6C6192007F6816 /* Tab.swift */,
				A3F81FF52E6C6182007F6816 /* TabView.swift */,
			);
			path = Navigation;
			sourceTree = "<group>";
		};
		A3F81FFC2E6C626E007F6816 /* Timer */ = {
			isa = PBXGroup;
			children = (
				A3F820002E6C6276007F6816 /* TimerView.swift */,
			);
			path = Timer;
			sourceTree = "<group>";
		};
		A3F8200B2E6C65E2007F6816 /* Components */ = {
			isa = PBXGroup;
			children = (
				A3F820102E6C65F0007F6816 /* ActionButton.swift */,
				A33F283E2E6EFC19007FB8D1 /* ArrowIcon.swift */,
			);
			path = Components;
			sourceTree = "<group>";
		};
/* End PBXGroup section */

/* Begin PBXNativeTarget section */
		A342E4662E6C4E2F00195F47 /* Pulse */ = {
			isa = PBXNativeTarget;
			buildConfigurationList = A342E4742E6C4E2F00195F47 /* Build configuration list for PBXNativeTarget "Pulse" */;
			buildPhases = (
				A342E4632E6C4E2F00195F47 /* Sources */,
				A342E4642E6C4E2F00195F47 /* Frameworks */,
				A342E4652E6C4E2F00195F47 /* Resources */,
			);
			buildRules = (
			);
			dependencies = (
				A3F81FA72E6C58A3007F6816 /* PBXTargetDependency */,
				A31DD9A92E6C524000EEB11C /* PBXTargetDependency */,
			);
			name = Pulse;
			packageProductDependencies = (
				A3F81FA42E6C5893007F6816 /* RswiftLibrary */,
			);
			productName = Pulse;
			productReference = A342E4672E6C4E2F00195F47 /* Pulse.app */;
			productType = "com.apple.product-type.application";
		};
/* End PBXNativeTarget section */

/* Begin PBXProject section */
		A342E45F2E6C4E2F00195F47 /* Project object */ = {
			isa = PBXProject;
			attributes = {
				BuildIndependentTargetsInParallel = 1;
				LastSwiftUpdateCheck = 2600;
				LastUpgradeCheck = 2600;
				TargetAttributes = {
					A342E4662E6C4E2F00195F47 = {
						CreatedOnToolsVersion = 26.0;
					};
				};
			};
			buildConfigurationList = A342E4622E6C4E2F00195F47 /* Build configuration list for PBXProject "Pulse" */;
			developmentRegion = en;
			hasScannedForEncodings = 0;
			knownRegions = (
				en,
				Base,
				de,
			);
			mainGroup = A342E45E2E6C4E2F00195F47;
			minimizedProjectReferenceProxies = 1;
			packageReferences = (
				A31DD9A72E6C523300EEB11C /* XCRemoteSwiftPackageReference "SwiftLintPlugins" */,
				A3F81FA32E6C5893007F6816 /* XCRemoteSwiftPackageReference "R" */,
			);
			preferredProjectObjectVersion = 77;
			productRefGroup = A342E4682E6C4E2F00195F47 /* Products */;
			projectDirPath = "";
			projectRoot = "";
			targets = (
				A342E4662E6C4E2F00195F47 /* Pulse */,
			);
		};
/* End PBXProject section */

/* Begin PBXResourcesBuildPhase section */
		A342E4652E6C4E2F00195F47 /* Resources */ = {
			isa = PBXResourcesBuildPhase;
			buildActionMask = 2147483647;
			files = (
				A31DD9A42E6C501600EEB11C /* Assets.xcassets in Resources */,
				A31DD9AF2E6C531000EEB11C /* Localizable.xcstrings in Resources */,
			);
			runOnlyForDeploymentPostprocessing = 0;
		};
/* End PBXResourcesBuildPhase section */

/* Begin PBXSourcesBuildPhase section */
		A342E4632E6C4E2F00195F47 /* Sources */ = {
			isa = PBXSourcesBuildPhase;
			buildActionMask = 2147483647;
			files = (
				A33F283F2E6EFC19007FB8D1 /* ArrowIcon.swift in Sources */,
				A31DD9A12E6C501600EEB11C /* ContentView.swift in Sources */,
				A33F282E2E6EF910007FB8D1 /* Bundle+Extension.swift in Sources */,
				A33F28282E6EF877007FB8D1 /* SettingsActionRowView.swift in Sources */,
				A33F285F2E6F052A007FB8D1 /* SettingsRateRowView.swift in Sources */,
				A33F28392E6EFB11007FB8D1 /* SettingsRowTitleView.swift in Sources */,
				A33F281C2E6EF770007FB8D1 /* SettingsDetailRowView.swift in Sources */,
				A3F81FDE2E6C6067007F6816 /* View+Extension.swift in Sources */,
				A3F820112E6C65F0007F6816 /* ActionButton.swift in Sources */,
				A3F820192E6C6990007F6816 /* String+Extension.swift in Sources */,
				A3F820042E6C628A007F6816 /* OnboardingView.swift in Sources */,
				A3F81FDB2E6C5FA3007F6816 /* UserDefaults+Extension.swift in Sources */,
				A3F820072E6C629C007F6816 /* SettingsView.swift in Sources */,
				A3F81FF62E6C6182007F6816 /* TabView.swift in Sources */,
				A33F28362E6EFB08007FB8D1 /* SettingsRowIconView.swift in Sources */,
				A31DD9A32E6C501600EEB11C /* PulseApp.swift in Sources */,
				A3F820012E6C6276007F6816 /* TimerView.swift in Sources */,
				A3F81FF92E6C6192007F6816 /* Tab.swift in Sources */,
				A33F28642E6F0532007FB8D1 /* SettingsShareRowView.swift in Sources */,
				A3553BD92E6D7AF50064B757 /* Image+Extension.swift in Sources */,
				A33F28672E6F0538007FB8D1 /* SettingsContactRowView.swift in Sources */,
			);
			runOnlyForDeploymentPostprocessing = 0;
		};
/* End PBXSourcesBuildPhase section */

/* Begin PBXTargetDependency section */
		A31DD9A92E6C524000EEB11C /* PBXTargetDependency */ = {
			isa = PBXTargetDependency;
			productRef = A31DD9A82E6C524000EEB11C /* SwiftLintBuildToolPlugin */;
		};
		A3F81FA72E6C58A3007F6816 /* PBXTargetDependency */ = {
			isa = PBXTargetDependency;
			productRef = A3F81FA62E6C58A3007F6816 /* RswiftGenerateInternalResources */;
		};
/* End PBXTargetDependency section */

/* Begin XCBuildConfiguration section */
		A342E4722E6C4E2F00195F47 /* Debug */ = {
			isa = XCBuildConfiguration;
			buildSettings = {
				ALWAYS_SEARCH_USER_PATHS = NO;
				ASSETCATALOG_COMPILER_GENERATE_SWIFT_ASSET_SYMBOL_EXTENSIONS = YES;
				CLANG_ANALYZER_NONNULL = YES;
				CLANG_ANALYZER_NUMBER_OBJECT_CONVERSION = YES_AGGRESSIVE;
				CLANG_CXX_LANGUAGE_STANDARD = "gnu++20";
				CLANG_ENABLE_MODULES = YES;
				CLANG_ENABLE_OBJC_ARC = YES;
				CLANG_ENABLE_OBJC_WEAK = YES;
				CLANG_WARN_BLOCK_CAPTURE_AUTORELEASING = YES;
				CLANG_WARN_BOOL_CONVERSION = YES;
				CLANG_WARN_COMMA = YES;
				CLANG_WARN_CONSTANT_CONVERSION = YES;
				CLANG_WARN_DEPRECATED_OBJC_IMPLEMENTATIONS = YES;
				CLANG_WARN_DIRECT_OBJC_ISA_USAGE = YES_ERROR;
				CLANG_WARN_DOCUMENTATION_COMMENTS = YES;
				CLANG_WARN_EMPTY_BODY = YES;
				CLANG_WARN_ENUM_CONVERSION = YES;
				CLANG_WARN_INFINITE_RECURSION = YES;
				CLANG_WARN_INT_CONVERSION = YES;
				CLANG_WARN_NON_LITERAL_NULL_CONVERSION = YES;
				CLANG_WARN_OBJC_IMPLICIT_RETAIN_SELF = YES;
				CLANG_WARN_OBJC_LITERAL_CONVERSION = YES;
				CLANG_WARN_OBJC_ROOT_CLASS = YES_ERROR;
				CLANG_WARN_QUOTED_INCLUDE_IN_FRAMEWORK_HEADER = YES;
				CLANG_WARN_RANGE_LOOP_ANALYSIS = YES;
				CLANG_WARN_STRICT_PROTOTYPES = YES;
				CLANG_WARN_SUSPICIOUS_MOVE = YES;
				CLANG_WARN_UNGUARDED_AVAILABILITY = YES_AGGRESSIVE;
				CLANG_WARN_UNREACHABLE_CODE = YES;
				CLANG_WARN__DUPLICATE_METHOD_MATCH = YES;
				COPY_PHASE_STRIP = NO;
				DEBUG_INFORMATION_FORMAT = dwarf;
				DEVELOPMENT_TEAM = 6C2B5VUSRK;
				ENABLE_STRICT_OBJC_MSGSEND = YES;
				ENABLE_TESTABILITY = YES;
				ENABLE_USER_SCRIPT_SANDBOXING = YES;
				GCC_C_LANGUAGE_STANDARD = gnu17;
				GCC_DYNAMIC_NO_PIC = NO;
				GCC_NO_COMMON_BLOCKS = YES;
				GCC_OPTIMIZATION_LEVEL = 0;
				GCC_PREPROCESSOR_DEFINITIONS = (
					"DEBUG=1",
					"$(inherited)",
				);
				GCC_WARN_64_TO_32_BIT_CONVERSION = YES;
				GCC_WARN_ABOUT_RETURN_TYPE = YES_ERROR;
				GCC_WARN_UNDECLARED_SELECTOR = YES;
				GCC_WARN_UNINITIALIZED_AUTOS = YES_AGGRESSIVE;
				GCC_WARN_UNUSED_FUNCTION = YES;
				GCC_WARN_UNUSED_VARIABLE = YES;
				IPHONEOS_DEPLOYMENT_TARGET = 26.0;
				LOCALIZATION_PREFERS_STRING_CATALOGS = YES;
				MTL_ENABLE_DEBUG_INFO = INCLUDE_SOURCE;
				MTL_FAST_MATH = YES;
				ONLY_ACTIVE_ARCH = YES;
				SDKROOT = iphoneos;
				SWIFT_ACTIVE_COMPILATION_CONDITIONS = "DEBUG $(inherited)";
				SWIFT_EMIT_LOC_STRINGS = YES;
				SWIFT_OPTIMIZATION_LEVEL = "-Onone";
			};
			name = Debug;
		};
		A342E4732E6C4E2F00195F47 /* Release */ = {
			isa = XCBuildConfiguration;
			buildSettings = {
				ALWAYS_SEARCH_USER_PATHS = NO;
				ASSETCATALOG_COMPILER_GENERATE_SWIFT_ASSET_SYMBOL_EXTENSIONS = YES;
				CLANG_ANALYZER_NONNULL = YES;
				CLANG_ANALYZER_NUMBER_OBJECT_CONVERSION = YES_AGGRESSIVE;
				CLANG_CXX_LANGUAGE_STANDARD = "gnu++20";
				CLANG_ENABLE_MODULES = YES;
				CLANG_ENABLE_OBJC_ARC = YES;
				CLANG_ENABLE_OBJC_WEAK = YES;
				CLANG_WARN_BLOCK_CAPTURE_AUTORELEASING = YES;
				CLANG_WARN_BOOL_CONVERSION = YES;
				CLANG_WARN_COMMA = YES;
				CLANG_WARN_CONSTANT_CONVERSION = YES;
				CLANG_WARN_DEPRECATED_OBJC_IMPLEMENTATIONS = YES;
				CLANG_WARN_DIRECT_OBJC_ISA_USAGE = YES_ERROR;
				CLANG_WARN_DOCUMENTATION_COMMENTS = YES;
				CLANG_WARN_EMPTY_BODY = YES;
				CLANG_WARN_ENUM_CONVERSION = YES;
				CLANG_WARN_INFINITE_RECURSION = YES;
				CLANG_WARN_INT_CONVERSION = YES;
				CLANG_WARN_NON_LITERAL_NULL_CONVERSION = YES;
				CLANG_WARN_OBJC_IMPLICIT_RETAIN_SELF = YES;
				CLANG_WARN_OBJC_LITERAL_CONVERSION = YES;
				CLANG_WARN_OBJC_ROOT_CLASS = YES_ERROR;
				CLANG_WARN_QUOTED_INCLUDE_IN_FRAMEWORK_HEADER = YES;
				CLANG_WARN_RANGE_LOOP_ANALYSIS = YES;
				CLANG_WARN_STRICT_PROTOTYPES = YES;
				CLANG_WARN_SUSPICIOUS_MOVE = YES;
				CLANG_WARN_UNGUARDED_AVAILABILITY = YES_AGGRESSIVE;
				CLANG_WARN_UNREACHABLE_CODE = YES;
				CLANG_WARN__DUPLICATE_METHOD_MATCH = YES;
				COPY_PHASE_STRIP = NO;
				DEBUG_INFORMATION_FORMAT = "dwarf-with-dsym";
				DEVELOPMENT_TEAM = 6C2B5VUSRK;
				ENABLE_NS_ASSERTIONS = NO;
				ENABLE_STRICT_OBJC_MSGSEND = YES;
				ENABLE_USER_SCRIPT_SANDBOXING = YES;
				GCC_C_LANGUAGE_STANDARD = gnu17;
				GCC_NO_COMMON_BLOCKS = YES;
				GCC_WARN_64_TO_32_BIT_CONVERSION = YES;
				GCC_WARN_ABOUT_RETURN_TYPE = YES_ERROR;
				GCC_WARN_UNDECLARED_SELECTOR = YES;
				GCC_WARN_UNINITIALIZED_AUTOS = YES_AGGRESSIVE;
				GCC_WARN_UNUSED_FUNCTION = YES;
				GCC_WARN_UNUSED_VARIABLE = YES;
				IPHONEOS_DEPLOYMENT_TARGET = 26.0;
				LOCALIZATION_PREFERS_STRING_CATALOGS = YES;
				MTL_ENABLE_DEBUG_INFO = NO;
				MTL_FAST_MATH = YES;
				SDKROOT = iphoneos;
				SWIFT_COMPILATION_MODE = wholemodule;
				SWIFT_EMIT_LOC_STRINGS = YES;
				VALIDATE_PRODUCT = YES;
			};
			name = Release;
		};
		A342E4752E6C4E2F00195F47 /* Debug */ = {
			isa = XCBuildConfiguration;
			buildSettings = {
				ASSETCATALOG_COMPILER_APPICON_NAME = AppIcon;
				ASSETCATALOG_COMPILER_GLOBAL_ACCENT_COLOR_NAME = AccentColor;
				CODE_SIGN_STYLE = Automatic;
				CURRENT_PROJECT_VERSION = 1;
				DEVELOPMENT_TEAM = 6C2B5VUSRK;
				ENABLE_PREVIEWS = YES;
				GENERATE_INFOPLIST_FILE = NO;
				INFOPLIST_FILE = Pulse/InfoPlist/Info.plist;
				INFOPLIST_KEY_CFBundleDisplayName = Pulse;
				INFOPLIST_KEY_UIApplicationSceneManifest_Generation = YES;
				INFOPLIST_KEY_UIApplicationSupportsIndirectInputEvents = YES;
				INFOPLIST_KEY_UILaunchScreen_Generation = YES;
				INFOPLIST_KEY_UISupportedInterfaceOrientations = UIInterfaceOrientationPortrait;
				INFOPLIST_KEY_UISupportedInterfaceOrientations_iPad = "UIInterfaceOrientationLandscapeLeft UIInterfaceOrientationLandscapeRight UIInterfaceOrientationPortrait UIInterfaceOrientationPortraitUpsideDown";
				IPHONEOS_DEPLOYMENT_TARGET = 18.0;
				LD_RUNPATH_SEARCH_PATHS = (
					"$(inherited)",
					"@executable_path/Frameworks",
				);
				MARKETING_VERSION = 1.0;
				PRODUCT_BUNDLE_IDENTIFIER = de.pn.Pulse;
				PRODUCT_NAME = "$(TARGET_NAME)";
				STRING_CATALOG_GENERATE_SYMBOLS = YES;
				SUPPORTED_PLATFORMS = "iphoneos iphonesimulator";
				SUPPORTS_MACCATALYST = NO;
				SUPPORTS_MAC_DESIGNED_FOR_IPHONE_IPAD = NO;
				SUPPORTS_XR_DESIGNED_FOR_IPHONE_IPAD = NO;
				SWIFT_APPROACHABLE_CONCURRENCY = YES;
				SWIFT_DEFAULT_ACTOR_ISOLATION = MainActor;
				SWIFT_EMIT_LOC_STRINGS = YES;
				SWIFT_UPCOMING_FEATURE_MEMBER_IMPORT_VISIBILITY = YES;
				SWIFT_VERSION = 5.0;
				TARGETED_DEVICE_FAMILY = 1;
			};
			name = Debug;
		};
		A342E4762E6C4E2F00195F47 /* Release */ = {
			isa = XCBuildConfiguration;
			buildSettings = {
				ASSETCATALOG_COMPILER_APPICON_NAME = AppIcon;
				ASSETCATALOG_COMPILER_GLOBAL_ACCENT_COLOR_NAME = AccentColor;
				CODE_SIGN_STYLE = Automatic;
				CURRENT_PROJECT_VERSION = 1;
				DEVELOPMENT_TEAM = 6C2B5VUSRK;
				ENABLE_PREVIEWS = YES;
				GENERATE_INFOPLIST_FILE = NO;
				INFOPLIST_FILE = Pulse/InfoPlist/Info.plist;
				INFOPLIST_KEY_CFBundleDisplayName = Pulse;
				INFOPLIST_KEY_UIApplicationSceneManifest_Generation = YES;
				INFOPLIST_KEY_UIApplicationSupportsIndirectInputEvents = YES;
				INFOPLIST_KEY_UILaunchScreen_Generation = YES;
				INFOPLIST_KEY_UISupportedInterfaceOrientations = UIInterfaceOrientationPortrait;
				INFOPLIST_KEY_UISupportedInterfaceOrientations_iPad = "UIInterfaceOrientationLandscapeLeft UIInterfaceOrientationLandscapeRight UIInterfaceOrientationPortrait UIInterfaceOrientationPortraitUpsideDown";
				IPHONEOS_DEPLOYMENT_TARGET = 18.0;
				LD_RUNPATH_SEARCH_PATHS = (
					"$(inherited)",
					"@executable_path/Frameworks",
				);
				MARKETING_VERSION = 1.0;
				PRODUCT_BUNDLE_IDENTIFIER = de.pn.Pulse;
				PRODUCT_NAME = "$(TARGET_NAME)";
				STRING_CATALOG_GENERATE_SYMBOLS = YES;
				SUPPORTED_PLATFORMS = "iphoneos iphonesimulator";
				SUPPORTS_MACCATALYST = NO;
				SUPPORTS_MAC_DESIGNED_FOR_IPHONE_IPAD = NO;
				SUPPORTS_XR_DESIGNED_FOR_IPHONE_IPAD = NO;
				SWIFT_APPROACHABLE_CONCURRENCY = YES;
				SWIFT_DEFAULT_ACTOR_ISOLATION = MainActor;
				SWIFT_EMIT_LOC_STRINGS = YES;
				SWIFT_UPCOMING_FEATURE_MEMBER_IMPORT_VISIBILITY = YES;
				SWIFT_VERSION = 5.0;
				TARGETED_DEVICE_FAMILY = 1;
			};
			name = Release;
		};
/* End XCBuildConfiguration section */

/* Begin XCConfigurationList section */
		A342E4622E6C4E2F00195F47 /* Build configuration list for PBXProject "Pulse" */ = {
			isa = XCConfigurationList;
			buildConfigurations = (
				A342E4722E6C4E2F00195F47 /* Debug */,
				A342E4732E6C4E2F00195F47 /* Release */,
			);
			defaultConfigurationIsVisible = 0;
			defaultConfigurationName = Release;
		};
		A342E4742E6C4E2F00195F47 /* Build configuration list for PBXNativeTarget "Pulse" */ = {
			isa = XCConfigurationList;
			buildConfigurations = (
				A342E4752E6C4E2F00195F47 /* Debug */,
				A342E4762E6C4E2F00195F47 /* Release */,
			);
			defaultConfigurationIsVisible = 0;
			defaultConfigurationName = Release;
		};
/* End XCConfigurationList section */

/* Begin XCRemoteSwiftPackageReference section */
		A31DD9A72E6C523300EEB11C /* XCRemoteSwiftPackageReference "SwiftLintPlugins" */ = {
			isa = XCRemoteSwiftPackageReference;
			repositoryURL = "https://github.com/SimplyDanny/SwiftLintPlugins";
			requirement = {
				kind = exactVersion;
				version = 0.60.0;
			};
		};
		A3F81FA32E6C5893007F6816 /* XCRemoteSwiftPackageReference "R" */ = {
			isa = XCRemoteSwiftPackageReference;
			repositoryURL = "https://github.com/mac-cain13/R.swift";
			requirement = {
				kind = exactVersion;
				version = 7.8.0;
			};
		};
/* End XCRemoteSwiftPackageReference section */

/* Begin XCSwiftPackageProductDependency section */
		A31DD9A82E6C524000EEB11C /* SwiftLintBuildToolPlugin */ = {
			isa = XCSwiftPackageProductDependency;
			package = A31DD9A72E6C523300EEB11C /* XCRemoteSwiftPackageReference "SwiftLintPlugins" */;
			productName = "plugin:SwiftLintBuildToolPlugin";
		};
		A3F81FA42E6C5893007F6816 /* RswiftLibrary */ = {
			isa = XCSwiftPackageProductDependency;
			package = A3F81FA32E6C5893007F6816 /* XCRemoteSwiftPackageReference "R" */;
			productName = RswiftLibrary;
		};
		A3F81FA62E6C58A3007F6816 /* RswiftGenerateInternalResources */ = {
			isa = XCSwiftPackageProductDependency;
			package = A3F81FA32E6C5893007F6816 /* XCRemoteSwiftPackageReference "R" */;
			productName = "plugin:RswiftGenerateInternalResources";
		};
/* End XCSwiftPackageProductDependency section */
	};
	rootObject = A342E45F2E6C4E2F00195F47 /* Project object */;
}
